
Microsoft Visual Studio Solution File, Format Version 12.00
Project("{FAE04EC0-301F-11D3-BF4B-00C04F79EFBC}") = "Vmr.Sdl2.Net", "Vmr.Sdl2.Net\Vmr.Sdl2.Net.csproj", "{D872A81C-0727-40A4-9BB7-A485905FF9C4}"
EndProject
Global
	GlobalSection(SolutionConfigurationPlatforms) = preSolution
		Debug|Any CPU = Debug|Any CPU
		Release|Any CPU = Release|Any CPU
	EndGlobalSection
	GlobalSection(ProjectConfigurationPlatforms) = postSolution
		{D872A81C-0727-40A4-9BB7-A485905FF9C4}.Debug|Any CPU.ActiveCfg = Debug|Any CPU
		{D872A81C-0727-40A4-9BB7-A485905FF9C4}.Debug|Any CPU.Build.0 = Debug|Any CPU
		{D872A81C-0727-40A4-9BB7-A485905FF9C4}.Release|Any CPU.ActiveCfg = Release|Any CPU
		{D872A81C-0727-40A4-9BB7-A485905FF9C4}.Release|Any CPU.Build.0 = Release|Any CPU
	EndGlobalSection
EndGlobal
